// !$*UTF8*$!
{
	archiveVersion = 1;
	classes = {
	};
	objectVersion = 50;
	objects = {

/* Begin PBXBuildFile section */
		C327461B268BDFD40070A905 /* AppDelegate.swift in Sources */ = {isa = PBXBuildFile; fileRef = C327461A268BDFD40070A905 /* AppDelegate.swift */; };
		C327461D268BDFD40070A905 /* SceneDelegate.swift in Sources */ = {isa = PBXBuildFile; fileRef = C327461C268BDFD40070A905 /* SceneDelegate.swift */; };
		C327461F268BDFD40070A905 /* ViewController.swift in Sources */ = {isa = PBXBuildFile; fileRef = C327461E268BDFD40070A905 /* ViewController.swift */; };
		C3274622268BDFD40070A905 /* Main.storyboard in Resources */ = {isa = PBXBuildFile; fileRef = C3274620268BDFD40070A905 /* Main.storyboard */; };
		C3274624268BDFD50070A905 /* Assets.xcassets in Resources */ = {isa = PBXBuildFile; fileRef = C3274623268BDFD50070A905 /* Assets.xcassets */; };
		C3274627268BDFD50070A905 /* LaunchScreen.storyboard in Resources */ = {isa = PBXBuildFile; fileRef = C3274625268BDFD50070A905 /* LaunchScreen.storyboard */; };
		C3274632268BDFD60070A905 /* ConcentrationTests.swift in Sources */ = {isa = PBXBuildFile; fileRef = C3274631268BDFD60070A905 /* ConcentrationTests.swift */; };
		C327463D268BDFD60070A905 /* ConcentrationUITests.swift in Sources */ = {isa = PBXBuildFile; fileRef = C327463C268BDFD60070A905 /* ConcentrationUITests.swift */; };
		C3780A7F268D3BC0004A946F /* Card.swift in Sources */ = {isa = PBXBuildFile; fileRef = C3780A7E268D3BC0004A946F /* Card.swift */; };
		C3780A81268D3CC5004A946F /* ConcentrationGame.swift in Sources */ = {isa = PBXBuildFile; fileRef = C3780A80268D3CC5004A946F /* ConcentrationGame.swift */; };
/* End PBXBuildFile section */

/* Begin PBXContainerItemProxy section */
		C327462E268BDFD60070A905 /* PBXContainerItemProxy */ = {
			isa = PBXContainerItemProxy;
			containerPortal = C327460F268BDFD40070A905 /* Project object */;
			proxyType = 1;
			remoteGlobalIDString = C3274616268BDFD40070A905;
			remoteInfo = Concentration;
		};
		C3274639268BDFD60070A905 /* PBXContainerItemProxy */ = {
			isa = PBXContainerItemProxy;
			containerPortal = C327460F268BDFD40070A905 /* Project object */;
			proxyType = 1;
			remoteGlobalIDString = C3274616268BDFD40070A905;
			remoteInfo = Concentration;
		};
/* End PBXContainerItemProxy section */

/* Begin PBXFileReference section */
		C3274617268BDFD40070A905 /* Concentration.app */ = {isa = PBXFileReference; explicitFileType = wrapper.application; includeInIndex = 0; path = Concentration.app; sourceTree = BUILT_PRODUCTS_DIR; };
		C327461A268BDFD40070A905 /* AppDelegate.swift */ = {isa = PBXFileReference; lastKnownFileType = sourcecode.swift; path = AppDelegate.swift; sourceTree = "<group>"; };
		C327461C268BDFD40070A905 /* SceneDelegate.swift */ = {isa = PBXFileReference; lastKnownFileType = sourcecode.swift; path = SceneDelegate.swift; sourceTree = "<group>"; };
		C327461E268BDFD40070A905 /* ViewController.swift */ = {isa = PBXFileReference; lastKnownFileType = sourcecode.swift; path = ViewController.swift; sourceTree = "<group>"; };
		C3274621268BDFD40070A905 /* Base */ = {isa = PBXFileReference; lastKnownFileType = file.storyboard; name = Base; path = Base.lproj/Main.storyboard; sourceTree = "<group>"; };
		C3274623268BDFD50070A905 /* Assets.xcassets */ = {isa = PBXFileReference; lastKnownFileType = folder.assetcatalog; path = Assets.xcassets; sourceTree = "<group>"; };
		C3274626268BDFD50070A905 /* Base */ = {isa = PBXFileReference; lastKnownFileType = file.storyboard; name = Base; path = Base.lproj/LaunchScreen.storyboard; sourceTree = "<group>"; };
		C3274628268BDFD50070A905 /* Info.plist */ = {isa = PBXFileReference; lastKnownFileType = text.plist.xml; path = Info.plist; sourceTree = "<group>"; };
		C327462D268BDFD60070A905 /* ConcentrationTests.xctest */ = {isa = PBXFileReference; explicitFileType = wrapper.cfbundle; includeInIndex = 0; path = ConcentrationTests.xctest; sourceTree = BUILT_PRODUCTS_DIR; };
		C3274631268BDFD60070A905 /* ConcentrationTests.swift */ = {isa = PBXFileReference; lastKnownFileType = sourcecode.swift; path = ConcentrationTests.swift; sourceTree = "<group>"; };
		C3274633268BDFD60070A905 /* Info.plist */ = {isa = PBXFileReference; lastKnownFileType = text.plist.xml; path = Info.plist; sourceTree = "<group>"; };
		C3274638268BDFD60070A905 /* ConcentrationUITests.xctest */ = {isa = PBXFileReference; explicitFileType = wrapper.cfbundle; includeInIndex = 0; path = ConcentrationUITests.xctest; sourceTree = BUILT_PRODUCTS_DIR; };
		C327463C268BDFD60070A905 /* ConcentrationUITests.swift */ = {isa = PBXFileReference; lastKnownFileType = sourcecode.swift; path = ConcentrationUITests.swift; sourceTree = "<group>"; };
		C327463E268BDFD60070A905 /* Info.plist */ = {isa = PBXFileReference; lastKnownFileType = text.plist.xml; path = Info.plist; sourceTree = "<group>"; };
		C3780A7E268D3BC0004A946F /* Card.swift */ = {isa = PBXFileReference; lastKnownFileType = sourcecode.swift; path = Card.swift; sourceTree = "<group>"; };
		C3780A80268D3CC5004A946F /* ConcentrationGame.swift */ = {isa = PBXFileReference; lastKnownFileType = sourcecode.swift; path = ConcentrationGame.swift; sourceTree = "<group>"; };
/* End PBXFileReference section */

/* Begin PBXFrameworksBuildPhase section */
		C3274614268BDFD40070A905 /* Frameworks */ = {
			isa = PBXFrameworksBuildPhase;
			buildActionMask = 2147483647;
			files = (
			);
			runOnlyForDeploymentPostprocessing = 0;
		};
		C327462A268BDFD60070A905 /* Frameworks */ = {
			isa = PBXFrameworksBuildPhase;
			buildActionMask = 2147483647;
			files = (
			);
			runOnlyForDeploymentPostprocessing = 0;
		};
		C3274635268BDFD60070A905 /* Frameworks */ = {
			isa = PBXFrameworksBuildPhase;
			buildActionMask = 2147483647;
			files = (
			);
			runOnlyForDeploymentPostprocessing = 0;
		};
/* End PBXFrameworksBuildPhase section */

/* Begin PBXGroup section */
		C327460E268BDFD40070A905 = {
			isa = PBXGroup;
			children = (
				C3780A80268D3CC5004A946F /* ConcentrationGame.swift */,
				C3780A7E268D3BC0004A946F /* Card.swift */,
				C3274619268BDFD40070A905 /* Concentration */,
				C3274630268BDFD60070A905 /* ConcentrationTests */,
				C327463B268BDFD60070A905 /* ConcentrationUITests */,
				C3274618268BDFD40070A905 /* Products */,
			);
			sourceTree = "<group>";
		};
		C3274618268BDFD40070A905 /* Products */ = {
			isa = PBXGroup;
			children = (
				C3274617268BDFD40070A905 /* Concentration.app */,
				C327462D268BDFD60070A905 /* ConcentrationTests.xctest */,
				C3274638268BDFD60070A905 /* ConcentrationUITests.xctest */,
			);
			name = Products;
			sourceTree = "<group>";
		};
		C3274619268BDFD40070A905 /* Concentration */ = {
			isa = PBXGroup;
			children = (
				C327461A268BDFD40070A905 /* AppDelegate.swift */,
				C327461C268BDFD40070A905 /* SceneDelegate.swift */,
				C327461E268BDFD40070A905 /* ViewController.swift */,
				C3274620268BDFD40070A905 /* Main.storyboard */,
				C3274623268BDFD50070A905 /* Assets.xcassets */,
				C3274625268BDFD50070A905 /* LaunchScreen.storyboard */,
				C3274628268BDFD50070A905 /* Info.plist */,
			);
			path = Concentration;
			sourceTree = "<group>";
		};
		C3274630268BDFD60070A905 /* ConcentrationTests */ = {
			isa = PBXGroup;
			children = (
				C3274631268BDFD60070A905 /* ConcentrationTests.swift */,
				C3274633268BDFD60070A905 /* Info.plist */,
			);
			path = ConcentrationTests;
			sourceTree = "<group>";
		};
		C327463B268BDFD60070A905 /* ConcentrationUITests */ = {
			isa = PBXGroup;
			children = (
				C327463C268BDFD60070A905 /* ConcentrationUITests.swift */,
				C327463E268BDFD60070A905 /* Info.plist */,
			);
			path = ConcentrationUITests;
			sourceTree = "<group>";
		};
/* End PBXGroup section */

/* Begin PBXNativeTarget section */
		C3274616268BDFD40070A905 /* Concentration */ = {
			isa = PBXNativeTarget;
			buildConfigurationList = C3274641268BDFD60070A905 /* Build configuration list for PBXNativeTarget "Concentration" */;
			buildPhases = (
				C3274613268BDFD40070A905 /* Sources */,
				C3274614268BDFD40070A905 /* Frameworks */,
				C3274615268BDFD40070A905 /* Resources */,
			);
			buildRules = (
			);
			dependencies = (
			);
			name = Concentration;
			productName = Concentration;
			productReference = C3274617268BDFD40070A905 /* Concentration.app */;
			productType = "com.apple.product-type.application";
		};
		C327462C268BDFD60070A905 /* ConcentrationTests */ = {
			isa = PBXNativeTarget;
			buildConfigurationList = C3274644268BDFD60070A905 /* Build configuration list for PBXNativeTarget "ConcentrationTests" */;
			buildPhases = (
				C3274629268BDFD60070A905 /* Sources */,
				C327462A268BDFD60070A905 /* Frameworks */,
				C327462B268BDFD60070A905 /* Resources */,
			);
			buildRules = (
			);
			dependencies = (
				C327462F268BDFD60070A905 /* PBXTargetDependency */,
			);
			name = ConcentrationTests;
			productName = ConcentrationTests;
			productReference = C327462D268BDFD60070A905 /* ConcentrationTests.xctest */;
			productType = "com.apple.product-type.bundle.unit-test";
		};
		C3274637268BDFD60070A905 /* ConcentrationUITests */ = {
			isa = PBXNativeTarget;
			buildConfigurationList = C3274647268BDFD60070A905 /* Build configuration list for PBXNativeTarget "ConcentrationUITests" */;
			buildPhases = (
				C3274634268BDFD60070A905 /* Sources */,
				C3274635268BDFD60070A905 /* Frameworks */,
				C3274636268BDFD60070A905 /* Resources */,
			);
			buildRules = (
			);
			dependencies = (
				C327463A268BDFD60070A905 /* PBXTargetDependency */,
			);
			name = ConcentrationUITests;
			productName = ConcentrationUITests;
			productReference = C3274638268BDFD60070A905 /* ConcentrationUITests.xctest */;
			productType = "com.apple.product-type.bundle.ui-testing";
		};
/* End PBXNativeTarget section */

/* Begin PBXProject section */
		C327460F268BDFD40070A905 /* Project object */ = {
			isa = PBXProject;
			attributes = {
				LastSwiftUpdateCheck = 1250;
				LastUpgradeCheck = 1250;
				TargetAttributes = {
					C3274616268BDFD40070A905 = {
						CreatedOnToolsVersion = 12.5.1;
					};
					C327462C268BDFD60070A905 = {
						CreatedOnToolsVersion = 12.5.1;
						TestTargetID = C3274616268BDFD40070A905;
					};
					C3274637268BDFD60070A905 = {
						CreatedOnToolsVersion = 12.5.1;
						TestTargetID = C3274616268BDFD40070A905;
					};
				};
			};
			buildConfigurationList = C3274612268BDFD40070A905 /* Build configuration list for PBXProject "Concentration" */;
			compatibilityVersion = "Xcode 9.3";
			developmentRegion = en;
			hasScannedForEncodings = 0;
			knownRegions = (
				en,
				Base,
			);
			mainGroup = C327460E268BDFD40070A905;
			productRefGroup = C3274618268BDFD40070A905 /* Products */;
			projectDirPath = "";
			projectRoot = "";
			targets = (
				C3274616268BDFD40070A905 /* Concentration */,
				C327462C268BDFD60070A905 /* ConcentrationTests */,
				C3274637268BDFD60070A905 /* ConcentrationUITests */,
			);
		};
/* End PBXProject section */

/* Begin PBXResourcesBuildPhase section */
		C3274615268BDFD40070A905 /* Resources */ = {
			isa = PBXResourcesBuildPhase;
			buildActionMask = 2147483647;
			files = (
				C3274627268BDFD50070A905 /* LaunchScreen.storyboard in Resources */,
				C3274624268BDFD50070A905 /* Assets.xcassets in Resources */,
				C3274622268BDFD40070A905 /* Main.storyboard in Resources */,
			);
			runOnlyForDeploymentPostprocessing = 0;
		};
		C327462B268BDFD60070A905 /* Resources */ = {
			isa = PBXResourcesBuildPhase;
			buildActionMask = 2147483647;
			files = (
			);
			runOnlyForDeploymentPostprocessing = 0;
		};
		C3274636268BDFD60070A905 /* Resources */ = {
			isa = PBXResourcesBuildPhase;
			buildActionMask = 2147483647;
			files = (
			);
			runOnlyForDeploymentPostprocessing = 0;
		};
/* End PBXResourcesBuildPhase section */

/* Begin PBXSourcesBuildPhase section */
		C3274613268BDFD40070A905 /* Sources */ = {
			isa = PBXSourcesBuildPhase;
			buildActionMask = 2147483647;
			files = (
				C327461F268BDFD40070A905 /* ViewController.swift in Sources */,
				C327461B268BDFD40070A905 /* AppDelegate.swift in Sources */,
				C3780A81268D3CC5004A946F /* ConcentrationGame.swift in Sources */,
				C327461D268BDFD40070A905 /* SceneDelegate.swift in Sources */,
				C3780A7F268D3BC0004A946F /* Card.swift in Sources */,
			);
			runOnlyForDeploymentPostprocessing = 0;
		};
		C3274629268BDFD60070A905 /* Sources */ = {
			isa = PBXSourcesBuildPhase;
			buildActionMask = 2147483647;
			files = (
				C3274632268BDFD60070A905 /* ConcentrationTests.swift in Sources */,
			);
			runOnlyForDeploymentPostprocessing = 0;
		};
		C3274634268BDFD60070A905 /* Sources */ = {
			isa = PBXSourcesBuildPhase;
			buildActionMask = 2147483647;
			files = (
				C327463D268BDFD60070A905 /* ConcentrationUITests.swift in Sources */,
			);
			runOnlyForDeploymentPostprocessing = 0;
		};
/* End PBXSourcesBuildPhase section */

/* Begin PBXTargetDependency section */
		C327462F268BDFD60070A905 /* PBXTargetDependency */ = {
			isa = PBXTargetDependency;
			target = C3274616268BDFD40070A905 /* Concentration */;
			targetProxy = C327462E268BDFD60070A905 /* PBXContainerItemProxy */;
		};
		C327463A268BDFD60070A905 /* PBXTargetDependency */ = {
			isa = PBXTargetDependency;
			target = C3274616268BDFD40070A905 /* Concentration */;
			targetProxy = C3274639268BDFD60070A905 /* PBXContainerItemProxy */;
		};
/* End PBXTargetDependency section */

/* Begin PBXVariantGroup section */
		C3274620268BDFD40070A905 /* Main.storyboard */ = {
			isa = PBXVariantGroup;
			children = (
				C3274621268BDFD40070A905 /* Base */,
			);
			name = Main.storyboard;
			sourceTree = "<group>";
		};
		C3274625268BDFD50070A905 /* LaunchScreen.storyboard */ = {
			isa = PBXVariantGroup;
			children = (
				C3274626268BDFD50070A905 /* Base */,
			);
			name = LaunchScreen.storyboard;
			sourceTree = "<group>";
		};
/* End PBXVariantGroup section */

/* Begin XCBuildConfiguration section */
		C327463F268BDFD60070A905 /* Debug */ = {
			isa = XCBuildConfiguration;
			buildSettings = {
				ALWAYS_SEARCH_USER_PATHS = NO;
				CLANG_ANALYZER_NONNULL = YES;
				CLANG_ANALYZER_NUMBER_OBJECT_CONVERSION = YES_AGGRESSIVE;
				CLANG_CXX_LANGUAGE_STANDARD = "gnu++14";
				CLANG_CXX_LIBRARY = "libc++";
				CLANG_ENABLE_MODULES = YES;
				CLANG_ENABLE_OBJC_ARC = YES;
				CLANG_ENABLE_OBJC_WEAK = YES;
				CLANG_WARN_BLOCK_CAPTURE_AUTORELEASING = YES;
				CLANG_WARN_BOOL_CONVERSION = YES;
				CLANG_WARN_COMMA = YES;
				CLANG_WARN_CONSTANT_CONVERSION = YES;
				CLANG_WARN_DEPRECATED_OBJC_IMPLEMENTATIONS = YES;
				CLANG_WARN_DIRECT_OBJC_ISA_USAGE = YES_ERROR;
				CLANG_WARN_DOCUMENTATION_COMMENTS = YES;
				CLANG_WARN_EMPTY_BODY = YES;
				CLANG_WARN_ENUM_CONVERSION = YES;
				CLANG_WARN_INFINITE_RECURSION = YES;
				CLANG_WARN_INT_CONVERSION = YES;
				CLANG_WARN_NON_LITERAL_NULL_CONVERSION = YES;
				CLANG_WARN_OBJC_IMPLICIT_RETAIN_SELF = YES;
				CLANG_WARN_OBJC_LITERAL_CONVERSION = YES;
				CLANG_WARN_OBJC_ROOT_CLASS = YES_ERROR;
				CLANG_WARN_QUOTED_INCLUDE_IN_FRAMEWORK_HEADER = YES;
				CLANG_WARN_RANGE_LOOP_ANALYSIS = YES;
				CLANG_WARN_STRICT_PROTOTYPES = YES;
				CLANG_WARN_SUSPICIOUS_MOVE = YES;
				CLANG_WARN_UNGUARDED_AVAILABILITY = YES_AGGRESSIVE;
				CLANG_WARN_UNREACHABLE_CODE = YES;
				CLANG_WARN__DUPLICATE_METHOD_MATCH = YES;
				COPY_PHASE_STRIP = NO;
				DEBUG_INFORMATION_FORMAT = dwarf;
				ENABLE_STRICT_OBJC_MSGSEND = YES;
				ENABLE_TESTABILITY = YES;
				GCC_C_LANGUAGE_STANDARD = gnu11;
				GCC_DYNAMIC_NO_PIC = NO;
				GCC_NO_COMMON_BLOCKS = YES;
				GCC_OPTIMIZATION_LEVEL = 0;
				GCC_PREPROCESSOR_DEFINITIONS = (
					"DEBUG=1",
					"$(inherited)",
				);
				GCC_WARN_64_TO_32_BIT_CONVERSION = YES;
				GCC_WARN_ABOUT_RETURN_TYPE = YES_ERROR;
				GCC_WARN_UNDECLARED_SELECTOR = YES;
				GCC_WARN_UNINITIALIZED_AUTOS = YES_AGGRESSIVE;
				GCC_WARN_UNUSED_FUNCTION = YES;
				GCC_WARN_UNUSED_VARIABLE = YES;
				IPHONEOS_DEPLOYMENT_TARGET = 14.5;
				MTL_ENABLE_DEBUG_INFO = INCLUDE_SOURCE;
				MTL_FAST_MATH = YES;
				ONLY_ACTIVE_ARCH = YES;
				SDKROOT = iphoneos;
				SWIFT_ACTIVE_COMPILATION_CONDITIONS = DEBUG;
				SWIFT_OPTIMIZATION_LEVEL = "-Onone";
			};
			name = Debug;
		};
		C3274640268BDFD60070A905 /* Release */ = {
			isa = XCBuildConfiguration;
			buildSettings = {
				ALWAYS_SEARCH_USER_PATHS = NO;
				CLANG_ANALYZER_NONNULL = YES;
				CLANG_ANALYZER_NUMBER_OBJECT_CONVERSION = YES_AGGRESSIVE;
				CLANG_CXX_LANGUAGE_STANDARD = "gnu++14";
				CLANG_CXX_LIBRARY = "libc++";
				CLANG_ENABLE_MODULES = YES;
				CLANG_ENABLE_OBJC_ARC = YES;
				CLANG_ENABLE_OBJC_WEAK = YES;
				CLANG_WARN_BLOCK_CAPTURE_AUTORELEASING = YES;
				CLANG_WARN_BOOL_CONVERSION = YES;
				CLANG_WARN_COMMA = YES;
				CLANG_WARN_CONSTANT_CONVERSION = YES;
				CLANG_WARN_DEPRECATED_OBJC_IMPLEMENTATIONS = YES;
				CLANG_WARN_DIRECT_OBJC_ISA_USAGE = YES_ERROR;
				CLANG_WARN_DOCUMENTATION_COMMENTS = YES;
				CLANG_WARN_EMPTY_BODY = YES;
				CLANG_WARN_ENUM_CONVERSION = YES;
				CLANG_WARN_INFINITE_RECURSION = YES;
				CLANG_WARN_INT_CONVERSION = YES;
				CLANG_WARN_NON_LITERAL_NULL_CONVERSION = YES;
				CLANG_WARN_OBJC_IMPLICIT_RETAIN_SELF = YES;
				CLANG_WARN_OBJC_LITERAL_CONVERSION = YES;
				CLANG_WARN_OBJC_ROOT_CLASS = YES_ERROR;
				CLANG_WARN_QUOTED_INCLUDE_IN_FRAMEWORK_HEADER = YES;
				CLANG_WARN_RANGE_LOOP_ANALYSIS = YES;
				CLANG_WARN_STRICT_PROTOTYPES = YES;
				CLANG_WARN_SUSPICIOUS_MOVE = YES;
				CLANG_WARN_UNGUARDED_AVAILABILITY = YES_AGGRESSIVE;
				CLANG_WARN_UNREACHABLE_CODE = YES;
				CLANG_WARN__DUPLICATE_METHOD_MATCH = YES;
				COPY_PHASE_STRIP = NO;
				DEBUG_INFORMATION_FORMAT = "dwarf-with-dsym";
				ENABLE_NS_ASSERTIONS = NO;
				ENABLE_STRICT_OBJC_MSGSEND = YES;
				GCC_C_LANGUAGE_STANDARD = gnu11;
				GCC_NO_COMMON_BLOCKS = YES;
				GCC_WARN_64_TO_32_BIT_CONVERSION = YES;
				GCC_WARN_ABOUT_RETURN_TYPE = YES_ERROR;
				GCC_WARN_UNDECLARED_SELECTOR = YES;
				GCC_WARN_UNINITIALIZED_AUTOS = YES_AGGRESSIVE;
				GCC_WARN_UNUSED_FUNCTION = YES;
				GCC_WARN_UNUSED_VARIABLE = YES;
				IPHONEOS_DEPLOYMENT_TARGET = 14.5;
				MTL_ENABLE_DEBUG_INFO = NO;
				MTL_FAST_MATH = YES;
				SDKROOT = iphoneos;
				SWIFT_COMPILATION_MODE = wholemodule;
				SWIFT_OPTIMIZATION_LEVEL = "-O";
				VALIDATE_PRODUCT = YES;
			};
			name = Release;
		};
		C3274642268BDFD60070A905 /* Debug */ = {
			isa = XCBuildConfiguration;
			buildSettings = {
				ASSETCATALOG_COMPILER_APPICON_NAME = AppIcon;
				ASSETCATALOG_COMPILER_GLOBAL_ACCENT_COLOR_NAME = AccentColor;
				CODE_SIGN_STYLE = Automatic;
				DEVELOPMENT_TEAM = TUJ2NBP4LH;
				INFOPLIST_FILE = Concentration/Info.plist;
				IPHONEOS_DEPLOYMENT_TARGET = 14.5;
				LD_RUNPATH_SEARCH_PATHS = (
					"$(inherited)",
					"@executable_path/Frameworks",
				);
				PRODUCT_BUNDLE_IDENTIFIER = dagget19.Concentration;
				PRODUCT_NAME = "$(TARGET_NAME)";
				SWIFT_VERSION = 5.0;
				TARGETED_DEVICE_FAMILY = "1,2";
			};
			name = Debug;
		};
		C3274643268BDFD60070A905 /* Release */ = {
			isa = XCBuildConfiguration;
			buildSettings = {
				ASSETCATALOG_COMPILER_APPICON_NAME = AppIcon;
				ASSETCATALOG_COMPILER_GLOBAL_ACCENT_COLOR_NAME = AccentColor;
				CODE_SIGN_STYLE = Automatic;
				DEVELOPMENT_TEAM = TUJ2NBP4LH;
				INFOPLIST_FILE = Concentration/Info.plist;
				IPHONEOS_DEPLOYMENT_TARGET = 14.5;
				LD_RUNPATH_SEARCH_PATHS = (
					"$(inherited)",
					"@executable_path/Frameworks",
				);
				PRODUCT_BUNDLE_IDENTIFIER = dagget19.Concentration;
				PRODUCT_NAME = "$(TARGET_NAME)";
				SWIFT_VERSION = 5.0;
				TARGETED_DEVICE_FAMILY = "1,2";
			};
			name = Release;
		};
		C3274645268BDFD60070A905 /* Debug */ = {
			isa = XCBuildConfiguration;
			buildSettings = {
				ALWAYS_EMBED_SWIFT_STANDARD_LIBRARIES = YES;
				BUNDLE_LOADER = "$(TEST_HOST)";
				CODE_SIGN_STYLE = Automatic;
				DEVELOPMENT_TEAM = TUJ2NBP4LH;
				INFOPLIST_FILE = ConcentrationTests/Info.plist;
				IPHONEOS_DEPLOYMENT_TARGET = 14.5;
				LD_RUNPATH_SEARCH_PATHS = (
					"$(inherited)",
					"@executable_path/Frameworks",
					"@loader_path/Frameworks",
				);
				PRODUCT_BUNDLE_IDENTIFIER = dagget19.ConcentrationTests;
				PRODUCT_NAME = "$(TARGET_NAME)";
				SWIFT_VERSION = 5.0;
				TARGETED_DEVICE_FAMILY = "1,2";
				TEST_HOST = "$(BUILT_PRODUCTS_DIR)/Concentration.app/Concentration";
			};
			name = Debug;
		};
		C3274646268BDFD60070A905 /* Release */ = {
			isa = XCBuildConfiguration;
			buildSettings = {
				ALWAYS_EMBED_SWIFT_STANDARD_LIBRARIES = YES;
				BUNDLE_LOADER = "$(TEST_HOST)";
				CODE_SIGN_STYLE = Automatic;
				DEVELOPMENT_TEAM = TUJ2NBP4LH;
				INFOPLIST_FILE = ConcentrationTests/Info.plist;
				IPHONEOS_DEPLOYMENT_TARGET = 14.5;
				LD_RUNPATH_SEARCH_PATHS = (
					"$(inherited)",
					"@executable_path/Frameworks",
					"@loader_path/Frameworks",
				);
				PRODUCT_BUNDLE_IDENTIFIER = dagget19.ConcentrationTests;
				PRODUCT_NAME = "$(TARGET_NAME)";
				SWIFT_VERSION = 5.0;
				TARGETED_DEVICE_FAMILY = "1,2";
				TEST_HOST = "$(BUILT_PRODUCTS_DIR)/Concentration.app/Concentration";
			};
			name = Release;
		};
		C3274648268BDFD60070A905 /* Debug */ = {
			isa = XCBuildConfiguration;
			buildSettings = {
				ALWAYS_EMBED_SWIFT_STANDARD_LIBRARIES = YES;
				CODE_SIGN_STYLE = Automatic;
				DEVELOPMENT_TEAM = TUJ2NBP4LH;
				INFOPLIST_FILE = ConcentrationUITests/Info.plist;
				LD_RUNPATH_SEARCH_PATHS = (
					"$(inherited)",
					"@executable_path/Frameworks",
					"@loader_path/Frameworks",
				);
				PRODUCT_BUNDLE_IDENTIFIER = dagget19.ConcentrationUITests;
				PRODUCT_NAME = "$(TARGET_NAME)";
				SWIFT_VERSION = 5.0;
				TARGETED_DEVICE_FAMILY = "1,2";
				TEST_TARGET_NAME = Concentration;
			};
			name = Debug;
		};
		C3274649268BDFD60070A905 /* Release */ = {
			isa = XCBuildConfiguration;
			buildSettings = {
				ALWAYS_EMBED_SWIFT_STANDARD_LIBRARIES = YES;
				CODE_SIGN_STYLE = Automatic;
				DEVELOPMENT_TEAM = TUJ2NBP4LH;
				INFOPLIST_FILE = ConcentrationUITests/Info.plist;
				LD_RUNPATH_SEARCH_PATHS = (
					"$(inherited)",
					"@executable_path/Frameworks",
					"@loader_path/Frameworks",
				);
				PRODUCT_BUNDLE_IDENTIFIER = dagget19.ConcentrationUITests;
				PRODUCT_NAME = "$(TARGET_NAME)";
				SWIFT_VERSION = 5.0;
				TARGETED_DEVICE_FAMILY = "1,2";
				TEST_TARGET_NAME = Concentration;
			};
			name = Release;
		};
/* End XCBuildConfiguration section */

/* Begin XCConfigurationList section */
		C3274612268BDFD40070A905 /* Build configuration list for PBXProject "Concentration" */ = {
			isa = XCConfigurationList;
			buildConfigurations = (
				C327463F268BDFD60070A905 /* Debug */,
				C3274640268BDFD60070A905 /* Release */,
			);
			defaultConfigurationIsVisible = 0;
			defaultConfigurationName = Release;
		};
		C3274641268BDFD60070A905 /* Build configuration list for PBXNativeTarget "Concentration" */ = {
			isa = XCConfigurationList;
			buildConfigurations = (
				C3274642268BDFD60070A905 /* Debug */,
				C3274643268BDFD60070A905 /* Release */,
			);
			defaultConfigurationIsVisible = 0;
			defaultConfigurationName = Release;
		};
		C3274644268BDFD60070A905 /* Build configuration list for PBXNativeTarget "ConcentrationTests" */ = {
			isa = XCConfigurationList;
			buildConfigurations = (
				C3274645268BDFD60070A905 /* Debug */,
				C3274646268BDFD60070A905 /* Release */,
			);
			defaultConfigurationIsVisible = 0;
			defaultConfigurationName = Release;
		};
		C3274647268BDFD60070A905 /* Build configuration list for PBXNativeTarget "ConcentrationUITests" */ = {
			isa = XCConfigurationList;
			buildConfigurations = (
				C3274648268BDFD60070A905 /* Debug */,
				C3274649268BDFD60070A905 /* Release */,
			);
			defaultConfigurationIsVisible = 0;
			defaultConfigurationName = Release;
		};
/* End XCConfigurationList section */
	};
	rootObject = C327460F268BDFD40070A905 /* Project object */;
}
